{
  "originHash" : "c082d58172ce2493986244137cece2181a09f6e7ac51fc87cffba6270d7d243a",
  "pins" : [
    {
      "identity" : "onde-swift",
      "kind" : "remoteSourceControl",
      "location" : "https://github.com/ondeinference/onde-swift",
      "state" : {
        "revision" : "83bfe89489d3eee34a960dd7a3db31dc26735a09",
        "version" : "1.0.0"
      }
    }
  ],
  "version" : 3
}
