{
  "originHash" : "c082d58172ce2493986244137cece2181a09f6e7ac51fc87cffba6270d7d243a",
  "pins" : [
    {
      "identity" : "onde-swift",
      "kind" : "remoteSourceControl",
      "location" : "https://github.com/ondeinference/onde-swift",
      "state" : {
        "revision" : "d121bc121c2234964e71569e86cbb93cc750361e",
        "version" : "1.1.0"
      }
    }
  ],
  "version" : 3
}
